
Microsoft Visual Studio Solution File, Format Version 12.00
# Visual Studio Version 18
VisualStudioVersion = 18.0.11018.127 d18.0
MinimumVisualStudioVersion = 10.0.40219.1
Project("{2150E333-8FDC-42A3-9474-1A3956D46DE8}") = "Services", "Services", "{02EA681E-C7D8-13C7-8484-4AC65E1B71E8}"
EndProject
Project("{2150E333-8FDC-42A3-9474-1A3956D46DE8}") = "UI", "UI", "{5BBE20C4-1041-44A8-B715-956ED0BAC0F7}"
EndProject
Project("{2150E333-8FDC-42A3-9474-1A3956D46DE8}") = "ProductService", "ProductService", "{55A9664E-70F8-411D-ADD9-78F895F29752}"
EndProject
Project("{2150E333-8FDC-42A3-9474-1A3956D46DE8}") = "RouteService", "RouteService", "{882B7447-D306-4805-962F-3137267408B8}"
EndProject
Project("{FAE04EC0-301F-11D3-BF4B-00C04F79EFBC}") = "ProductService.API", "ProductService.API\ProductService.API.csproj", "{3A5BF886-ACFC-498B-8091-BCDAB6ED6F34}"
EndProject
Project("{FAE04EC0-301F-11D3-BF4B-00C04F79EFBC}") = "ProductService.Domain", "ProductService.Domain\ProductService.Domain.csproj", "{696E058B-F189-4688-BFE1-7D027E0968FD}"
EndProject
Project("{FAE04EC0-301F-11D3-BF4B-00C04F79EFBC}") = "ProductService.Application", "ProductService.Application\ProductService.Application.csproj", "{97394323-FBE2-491D-8AC1-11D9DFD578C8}"
EndProject
Project("{FAE04EC0-301F-11D3-BF4B-00C04F79EFBC}") = "ProductService.Infrastructure", "ProductService.Infrastructure\ProductService.Infrastructure.csproj", "{A1808339-89C7-45B6-AFEE-9AD235EF0FEF}"
EndProject
Project("{FAE04EC0-301F-11D3-BF4B-00C04F79EFBC}") = "RouteService.API", "RouteService.API\RouteService.API.csproj", "{F40A3EEF-6ED4-4FF1-96E5-0E968C9B521A}"
EndProject
Project("{FAE04EC0-301F-11D3-BF4B-00C04F79EFBC}") = "RouteService.Domain", "RouteService.Domain\RouteService.Domain.csproj", "{66E684E0-DE0F-46D0-8B92-01E5E2E56502}"
EndProject
Project("{FAE04EC0-301F-11D3-BF4B-00C04F79EFBC}") = "RouteService.Application", "RouteService.Application\RouteService.Application.csproj", "{28C36FB3-9B02-4E1F-BAA0-1AF73EA50361}"
EndProject
Project("{FAE04EC0-301F-11D3-BF4B-00C04F79EFBC}") = "RouteService.Infrastructure", "RouteService.Infrastructure\RouteService.Infrastructure.csproj", "{31397AA6-F272-40FB-A450-202AB812C604}"
EndProject
Project("{2150E333-8FDC-42A3-9474-1A3956D46DE8}") = "IdentityService", "IdentityService", "{DEDC87D0-A606-437F-89FB-2E970401A2AB}"
EndProject
Project("{FAE04EC0-301F-11D3-BF4B-00C04F79EFBC}") = "IdentityService.API", "IdentityService.API\IdentityService.API.csproj", "{4FC1969A-C152-4ED2-854E-46F4F312EAD5}"
EndProject
Project("{FAE04EC0-301F-11D3-BF4B-00C04F79EFBC}") = "IdentityService.Domain", "IdentityService.Domain\IdentityService.Domain.csproj", "{15172E58-0D8C-4925-A26C-EEFFC0631865}"
EndProject
Project("{FAE04EC0-301F-11D3-BF4B-00C04F79EFBC}") = "IdentityService.Application", "IdentityService.Application\IdentityService.Application.csproj", "{1534901F-3C78-4463-BD9F-9BB0C5C0534F}"
EndProject
Project("{FAE04EC0-301F-11D3-BF4B-00C04F79EFBC}") = "IdentityService.Infrastructure", "IdentityService.Infrastructure\IdentityService.Infrastructure.csproj", "{657D7934-F93F-4A8A-8D4B-9EF3DDA52344}"
EndProject
Project("{FAE04EC0-301F-11D3-BF4B-00C04F79EFBC}") = "ApiGateway", "ApiGateway\ApiGateway.csproj", "{4826AB40-9300-43CA-8E74-3D9737A07C12}"
EndProject
Project("{FAE04EC0-301F-11D3-BF4B-00C04F79EFBC}") = "InventoryManagement.Web", "InventoryManagement.Web\InventoryManagement.Web.csproj", "{5281A48E-0941-4499-8A8E-12F8F38D18E3}"
EndProject
Project("{2150E333-8FDC-42A3-9474-1A3956D46DE8}") = "ApprovalService", "ApprovalService", "{3EB92D44-4BBE-4AD2-8DAE-043EDC0A8EFD}"
EndProject
Project("{FAE04EC0-301F-11D3-BF4B-00C04F79EFBC}") = "ApprovalService.API", "ApprovalService.API\ApprovalService.API.csproj", "{888FD0B1-2643-4DC3-9FA0-543B01BEC3A0}"
EndProject
Project("{FAE04EC0-301F-11D3-BF4B-00C04F79EFBC}") = "ApprovalService.Domain", "ApprovalService.Domain\ApprovalService.Domain.csproj", "{A24B1FCD-FC5A-46BF-BA18-6BDA79E98570}"
EndProject
Project("{FAE04EC0-301F-11D3-BF4B-00C04F79EFBC}") = "ApprovalService.Application", "ApprovalService.Application\ApprovalService.Application.csproj", "{980CA583-2556-4BF3-BD8D-967434FF0A51}"
EndProject
Project("{FAE04EC0-301F-11D3-BF4B-00C04F79EFBC}") = "ApprovalService.Infrastructure", "ApprovalService.Infrastructure\ApprovalService.Infrastructure.csproj", "{D0FC1B15-7ADB-4A1D-A925-2FC7D0B41FE3}"
EndProject
Project("{2150E333-8FDC-42A3-9474-1A3956D46DE8}") = "NotificationService", "NotificationService", "{A7196766-5990-4B63-A64D-D6328809B981}"
EndProject
Project("{FAE04EC0-301F-11D3-BF4B-00C04F79EFBC}") = "NotificationService.Domain", "NotificationService.Domain\NotificationService.Domain.csproj", "{6A1F92FC-A98D-4021-97E9-FAC1A980A6F3}"
EndProject
Project("{FAE04EC0-301F-11D3-BF4B-00C04F79EFBC}") = "NotificationService.Infrastructure", "NotificationService.Infrastructure\NotificationService.Infrastructure.csproj", "{4423BF32-33BA-4D0E-9679-CBF05F1E324D}"
EndProject
Project("{FAE04EC0-301F-11D3-BF4B-00C04F79EFBC}") = "NotificationService.Application", "NotificationService.Application\NotificationService.Application.csproj", "{914A74CC-107E-4BB9-95BD-A89921EECA2E}"
EndProject
Project("{FAE04EC0-301F-11D3-BF4B-00C04F79EFBC}") = "NotificationService.API", "NotificationService.API\NotificationService.API.csproj", "{2553A578-7DE1-4131-81E9-D78596A136EA}"
EndProject
Project("{2150E333-8FDC-42A3-9474-1A3956D46DE8}") = "Shared", "Shared", "{DB1A5BD8-1FE4-42C9-BDB0-BBABA7B66D0D}"
EndProject
Project("{FAE04EC0-301F-11D3-BF4B-00C04F79EFBC}") = "SharedServices", "SharedServices\SharedServices.csproj", "{C2A72293-46C4-4991-82CD-2615F2BFE01C}"
EndProject
Global
	GlobalSection(SolutionConfigurationPlatforms) = preSolution
		Debug|Any CPU = Debug|Any CPU
		Release|Any CPU = Release|Any CPU
	EndGlobalSection
	GlobalSection(ProjectConfigurationPlatforms) = postSolution
		{3A5BF886-ACFC-498B-8091-BCDAB6ED6F34}.Debug|Any CPU.ActiveCfg = Debug|Any CPU
		{3A5BF886-ACFC-498B-8091-BCDAB6ED6F34}.Debug|Any CPU.Build.0 = Debug|Any CPU
		{3A5BF886-ACFC-498B-8091-BCDAB6ED6F34}.Release|Any CPU.ActiveCfg = Release|Any CPU
		{3A5BF886-ACFC-498B-8091-BCDAB6ED6F34}.Release|Any CPU.Build.0 = Release|Any CPU
		{696E058B-F189-4688-BFE1-7D027E0968FD}.Debug|Any CPU.ActiveCfg = Debug|Any CPU
		{696E058B-F189-4688-BFE1-7D027E0968FD}.Debug|Any CPU.Build.0 = Debug|Any CPU
		{696E058B-F189-4688-BFE1-7D027E0968FD}.Release|Any CPU.ActiveCfg = Release|Any CPU
		{696E058B-F189-4688-BFE1-7D027E0968FD}.Release|Any CPU.Build.0 = Release|Any CPU
		{97394323-FBE2-491D-8AC1-11D9DFD578C8}.Debug|Any CPU.ActiveCfg = Debug|Any CPU
		{97394323-FBE2-491D-8AC1-11D9DFD578C8}.Debug|Any CPU.Build.0 = Debug|Any CPU
		{97394323-FBE2-491D-8AC1-11D9DFD578C8}.Release|Any CPU.ActiveCfg = Release|Any CPU
		{97394323-FBE2-491D-8AC1-11D9DFD578C8}.Release|Any CPU.Build.0 = Release|Any CPU
		{A1808339-89C7-45B6-AFEE-9AD235EF0FEF}.Debug|Any CPU.ActiveCfg = Debug|Any CPU
		{A1808339-89C7-45B6-AFEE-9AD235EF0FEF}.Debug|Any CPU.Build.0 = Debug|Any CPU
		{A1808339-89C7-45B6-AFEE-9AD235EF0FEF}.Release|Any CPU.ActiveCfg = Release|Any CPU
		{A1808339-89C7-45B6-AFEE-9AD235EF0FEF}.Release|Any CPU.Build.0 = Release|Any CPU
		{F40A3EEF-6ED4-4FF1-96E5-0E968C9B521A}.Debug|Any CPU.ActiveCfg = Debug|Any CPU
		{F40A3EEF-6ED4-4FF1-96E5-0E968C9B521A}.Debug|Any CPU.Build.0 = Debug|Any CPU
		{F40A3EEF-6ED4-4FF1-96E5-0E968C9B521A}.Release|Any CPU.ActiveCfg = Release|Any CPU
		{F40A3EEF-6ED4-4FF1-96E5-0E968C9B521A}.Release|Any CPU.Build.0 = Release|Any CPU
		{66E684E0-DE0F-46D0-8B92-01E5E2E56502}.Debug|Any CPU.ActiveCfg = Debug|Any CPU
		{66E684E0-DE0F-46D0-8B92-01E5E2E56502}.Debug|Any CPU.Build.0 = Debug|Any CPU
		{66E684E0-DE0F-46D0-8B92-01E5E2E56502}.Release|Any CPU.ActiveCfg = Release|Any CPU
		{66E684E0-DE0F-46D0-8B92-01E5E2E56502}.Release|Any CPU.Build.0 = Release|Any CPU
		{28C36FB3-9B02-4E1F-BAA0-1AF73EA50361}.Debug|Any CPU.ActiveCfg = Debug|Any CPU
		{28C36FB3-9B02-4E1F-BAA0-1AF73EA50361}.Debug|Any CPU.Build.0 = Debug|Any CPU
		{28C36FB3-9B02-4E1F-BAA0-1AF73EA50361}.Release|Any CPU.ActiveCfg = Release|Any CPU
		{28C36FB3-9B02-4E1F-BAA0-1AF73EA50361}.Release|Any CPU.Build.0 = Release|Any CPU
		{31397AA6-F272-40FB-A450-202AB812C604}.Debug|Any CPU.ActiveCfg = Debug|Any CPU
		{31397AA6-F272-40FB-A450-202AB812C604}.Debug|Any CPU.Build.0 = Debug|Any CPU
		{31397AA6-F272-40FB-A450-202AB812C604}.Release|Any CPU.ActiveCfg = Release|Any CPU
		{31397AA6-F272-40FB-A450-202AB812C604}.Release|Any CPU.Build.0 = Release|Any CPU
		{4FC1969A-C152-4ED2-854E-46F4F312EAD5}.Debug|Any CPU.ActiveCfg = Debug|Any CPU
		{4FC1969A-C152-4ED2-854E-46F4F312EAD5}.Debug|Any CPU.Build.0 = Debug|Any CPU
		{4FC1969A-C152-4ED2-854E-46F4F312EAD5}.Release|Any CPU.ActiveCfg = Release|Any CPU
		{4FC1969A-C152-4ED2-854E-46F4F312EAD5}.Release|Any CPU.Build.0 = Release|Any CPU
		{15172E58-0D8C-4925-A26C-EEFFC0631865}.Debug|Any CPU.ActiveCfg = Debug|Any CPU
		{15172E58-0D8C-4925-A26C-EEFFC0631865}.Debug|Any CPU.Build.0 = Debug|Any CPU
		{15172E58-0D8C-4925-A26C-EEFFC0631865}.Release|Any CPU.ActiveCfg = Release|Any CPU
		{15172E58-0D8C-4925-A26C-EEFFC0631865}.Release|Any CPU.Build.0 = Release|Any CPU
		{1534901F-3C78-4463-BD9F-9BB0C5C0534F}.Debug|Any CPU.ActiveCfg = Debug|Any CPU
		{1534901F-3C78-4463-BD9F-9BB0C5C0534F}.Debug|Any CPU.Build.0 = Debug|Any CPU
		{1534901F-3C78-4463-BD9F-9BB0C5C0534F}.Release|Any CPU.ActiveCfg = Release|Any CPU
		{1534901F-3C78-4463-BD9F-9BB0C5C0534F}.Release|Any CPU.Build.0 = Release|Any CPU
		{657D7934-F93F-4A8A-8D4B-9EF3DDA52344}.Debug|Any CPU.ActiveCfg = Debug|Any CPU
		{657D7934-F93F-4A8A-8D4B-9EF3DDA52344}.Debug|Any CPU.Build.0 = Debug|Any CPU
		{657D7934-F93F-4A8A-8D4B-9EF3DDA52344}.Release|Any CPU.ActiveCfg = Release|Any CPU
		{657D7934-F93F-4A8A-8D4B-9EF3DDA52344}.Release|Any CPU.Build.0 = Release|Any CPU
		{4826AB40-9300-43CA-8E74-3D9737A07C12}.Debug|Any CPU.ActiveCfg = Debug|Any CPU
		{4826AB40-9300-43CA-8E74-3D9737A07C12}.Debug|Any CPU.Build.0 = Debug|Any CPU
		{4826AB40-9300-43CA-8E74-3D9737A07C12}.Release|Any CPU.ActiveCfg = Release|Any CPU
		{4826AB40-9300-43CA-8E74-3D9737A07C12}.Release|Any CPU.Build.0 = Release|Any CPU
		{5281A48E-0941-4499-8A8E-12F8F38D18E3}.Debug|Any CPU.ActiveCfg = Debug|Any CPU
		{5281A48E-0941-4499-8A8E-12F8F38D18E3}.Debug|Any CPU.Build.0 = Debug|Any CPU
		{5281A48E-0941-4499-8A8E-12F8F38D18E3}.Release|Any CPU.ActiveCfg = Release|Any CPU
		{5281A48E-0941-4499-8A8E-12F8F38D18E3}.Release|Any CPU.Build.0 = Release|Any CPU
		{888FD0B1-2643-4DC3-9FA0-543B01BEC3A0}.Debug|Any CPU.ActiveCfg = Debug|Any CPU
		{888FD0B1-2643-4DC3-9FA0-543B01BEC3A0}.Debug|Any CPU.Build.0 = Debug|Any CPU
		{888FD0B1-2643-4DC3-9FA0-543B01BEC3A0}.Release|Any CPU.ActiveCfg = Release|Any CPU
		{888FD0B1-2643-4DC3-9FA0-543B01BEC3A0}.Release|Any CPU.Build.0 = Release|Any CPU
		{A24B1FCD-FC5A-46BF-BA18-6BDA79E98570}.Debug|Any CPU.ActiveCfg = Debug|Any CPU
		{A24B1FCD-FC5A-46BF-BA18-6BDA79E98570}.Debug|Any CPU.Build.0 = Debug|Any CPU
		{A24B1FCD-FC5A-46BF-BA18-6BDA79E98570}.Release|Any CPU.ActiveCfg = Release|Any CPU
		{A24B1FCD-FC5A-46BF-BA18-6BDA79E98570}.Release|Any CPU.Build.0 = Release|Any CPU
		{980CA583-2556-4BF3-BD8D-967434FF0A51}.Debug|Any CPU.ActiveCfg = Debug|Any CPU
		{980CA583-2556-4BF3-BD8D-967434FF0A51}.Debug|Any CPU.Build.0 = Debug|Any CPU
		{980CA583-2556-4BF3-BD8D-967434FF0A51}.Release|Any CPU.ActiveCfg = Release|Any CPU
		{980CA583-2556-4BF3-BD8D-967434FF0A51}.Release|Any CPU.Build.0 = Release|Any CPU
		{D0FC1B15-7ADB-4A1D-A925-2FC7D0B41FE3}.Debug|Any CPU.ActiveCfg = Debug|Any CPU
		{D0FC1B15-7ADB-4A1D-A925-2FC7D0B41FE3}.Debug|Any CPU.Build.0 = Debug|Any CPU
		{D0FC1B15-7ADB-4A1D-A925-2FC7D0B41FE3}.Release|Any CPU.ActiveCfg = Release|Any CPU
		{D0FC1B15-7ADB-4A1D-A925-2FC7D0B41FE3}.Release|Any CPU.Build.0 = Release|Any CPU
		{6A1F92FC-A98D-4021-97E9-FAC1A980A6F3}.Debug|Any CPU.ActiveCfg = Debug|Any CPU
		{6A1F92FC-A98D-4021-97E9-FAC1A980A6F3}.Debug|Any CPU.Build.0 = Debug|Any CPU
		{6A1F92FC-A98D-4021-97E9-FAC1A980A6F3}.Release|Any CPU.ActiveCfg = Release|Any CPU
		{6A1F92FC-A98D-4021-97E9-FAC1A980A6F3}.Release|Any CPU.Build.0 = Release|Any CPU
		{4423BF32-33BA-4D0E-9679-CBF05F1E324D}.Debug|Any CPU.ActiveCfg = Debug|Any CPU
		{4423BF32-33BA-4D0E-9679-CBF05F1E324D}.Debug|Any CPU.Build.0 = Debug|Any CPU
		{4423BF32-33BA-4D0E-9679-CBF05F1E324D}.Release|Any CPU.ActiveCfg = Release|Any CPU
		{4423BF32-33BA-4D0E-9679-CBF05F1E324D}.Release|Any CPU.Build.0 = Release|Any CPU
		{914A74CC-107E-4BB9-95BD-A89921EECA2E}.Debug|Any CPU.ActiveCfg = Debug|Any CPU
		{914A74CC-107E-4BB9-95BD-A89921EECA2E}.Debug|Any CPU.Build.0 = Debug|Any CPU
		{914A74CC-107E-4BB9-95BD-A89921EECA2E}.Release|Any CPU.ActiveCfg = Release|Any CPU
		{914A74CC-107E-4BB9-95BD-A89921EECA2E}.Release|Any CPU.Build.0 = Release|Any CPU
		{2553A578-7DE1-4131-81E9-D78596A136EA}.Debug|Any CPU.ActiveCfg = Debug|Any CPU
		{2553A578-7DE1-4131-81E9-D78596A136EA}.Debug|Any CPU.Build.0 = Debug|Any CPU
		{2553A578-7DE1-4131-81E9-D78596A136EA}.Release|Any CPU.ActiveCfg = Release|Any CPU
		{2553A578-7DE1-4131-81E9-D78596A136EA}.Release|Any CPU.Build.0 = Release|Any CPU
		{C2A72293-46C4-4991-82CD-2615F2BFE01C}.Debug|Any CPU.ActiveCfg = Debug|Any CPU
		{C2A72293-46C4-4991-82CD-2615F2BFE01C}.Debug|Any CPU.Build.0 = Debug|Any CPU
		{C2A72293-46C4-4991-82CD-2615F2BFE01C}.Release|Any CPU.ActiveCfg = Release|Any CPU
		{C2A72293-46C4-4991-82CD-2615F2BFE01C}.Release|Any CPU.Build.0 = Release|Any CPU
	EndGlobalSection
	GlobalSection(SolutionProperties) = preSolution
		HideSolutionNode = FALSE
	EndGlobalSection
	GlobalSection(NestedProjects) = preSolution
		{55A9664E-70F8-411D-ADD9-78F895F29752} = {02EA681E-C7D8-13C7-8484-4AC65E1B71E8}
		{882B7447-D306-4805-962F-3137267408B8} = {02EA681E-C7D8-13C7-8484-4AC65E1B71E8}
		{3A5BF886-ACFC-498B-8091-BCDAB6ED6F34} = {55A9664E-70F8-411D-ADD9-78F895F29752}
		{696E058B-F189-4688-BFE1-7D027E0968FD} = {55A9664E-70F8-411D-ADD9-78F895F29752}
		{97394323-FBE2-491D-8AC1-11D9DFD578C8} = {55A9664E-70F8-411D-ADD9-78F895F29752}
		{A1808339-89C7-45B6-AFEE-9AD235EF0FEF} = {55A9664E-70F8-411D-ADD9-78F895F29752}
		{F40A3EEF-6ED4-4FF1-96E5-0E968C9B521A} = {882B7447-D306-4805-962F-3137267408B8}
		{66E684E0-DE0F-46D0-8B92-01E5E2E56502} = {882B7447-D306-4805-962F-3137267408B8}
		{28C36FB3-9B02-4E1F-BAA0-1AF73EA50361} = {882B7447-D306-4805-962F-3137267408B8}
		{31397AA6-F272-40FB-A450-202AB812C604} = {882B7447-D306-4805-962F-3137267408B8}
		{DEDC87D0-A606-437F-89FB-2E970401A2AB} = {02EA681E-C7D8-13C7-8484-4AC65E1B71E8}
		{4FC1969A-C152-4ED2-854E-46F4F312EAD5} = {DEDC87D0-A606-437F-89FB-2E970401A2AB}
		{15172E58-0D8C-4925-A26C-EEFFC0631865} = {DEDC87D0-A606-437F-89FB-2E970401A2AB}
		{1534901F-3C78-4463-BD9F-9BB0C5C0534F} = {DEDC87D0-A606-437F-89FB-2E970401A2AB}
		{657D7934-F93F-4A8A-8D4B-9EF3DDA52344} = {DEDC87D0-A606-437F-89FB-2E970401A2AB}
		{4826AB40-9300-43CA-8E74-3D9737A07C12} = {02EA681E-C7D8-13C7-8484-4AC65E1B71E8}
		{5281A48E-0941-4499-8A8E-12F8F38D18E3} = {5BBE20C4-1041-44A8-B715-956ED0BAC0F7}
		{3EB92D44-4BBE-4AD2-8DAE-043EDC0A8EFD} = {02EA681E-C7D8-13C7-8484-4AC65E1B71E8}
		{888FD0B1-2643-4DC3-9FA0-543B01BEC3A0} = {3EB92D44-4BBE-4AD2-8DAE-043EDC0A8EFD}
		{A24B1FCD-FC5A-46BF-BA18-6BDA79E98570} = {3EB92D44-4BBE-4AD2-8DAE-043EDC0A8EFD}
		{980CA583-2556-4BF3-BD8D-967434FF0A51} = {3EB92D44-4BBE-4AD2-8DAE-043EDC0A8EFD}
		{D0FC1B15-7ADB-4A1D-A925-2FC7D0B41FE3} = {3EB92D44-4BBE-4AD2-8DAE-043EDC0A8EFD}
		{A7196766-5990-4B63-A64D-D6328809B981} = {02EA681E-C7D8-13C7-8484-4AC65E1B71E8}
		{6A1F92FC-A98D-4021-97E9-FAC1A980A6F3} = {A7196766-5990-4B63-A64D-D6328809B981}
		{4423BF32-33BA-4D0E-9679-CBF05F1E324D} = {A7196766-5990-4B63-A64D-D6328809B981}
		{914A74CC-107E-4BB9-95BD-A89921EECA2E} = {A7196766-5990-4B63-A64D-D6328809B981}
		{2553A578-7DE1-4131-81E9-D78596A136EA} = {A7196766-5990-4B63-A64D-D6328809B981}
		{DB1A5BD8-1FE4-42C9-BDB0-BBABA7B66D0D} = {02EA681E-C7D8-13C7-8484-4AC65E1B71E8}
		{C2A72293-46C4-4991-82CD-2615F2BFE01C} = {DB1A5BD8-1FE4-42C9-BDB0-BBABA7B66D0D}
	EndGlobalSection
	GlobalSection(ExtensibilityGlobals) = postSolution
		SolutionGuid = {84FE07F4-99FE-4567-A335-75A1939DE03C}
	EndGlobalSection
EndGlobal
